// !$*UTF8*$!
{
	archiveVersion = 1;
	classes = {
	};
	objectVersion = 54;
	objects = {

/* Begin PBXBuildFile section */
		054D9DEA9A0EF191C125BF28 /* Localizable.strings in Resources */ = {isa = PBXBuildFile; fileRef = F466E843B0C32E31940CED7E /* Localizable.strings */; };
		2302703AB2BF0FB8CE0D4A5C /* ExportService.swift in Sources */ = {isa = PBXBuildFile; fileRef = 0EDFAE31C4263E4680EAD3F8 /* ExportService.swift */; };
		298EC8787CD1AEA4416EF1EA /* AppIconView.swift in Sources */ = {isa = PBXBuildFile; fileRef = 5B7BAE915B518F91E5E313F1 /* AppIconView.swift */; };
		2E0B591B49F8D3240D492946 /* PrivacyService.swift in Sources */ = {isa = PBXBuildFile; fileRef = 0F35099CF9B21FC8F28E2467 /* PrivacyService.swift */; };
		39386EB2B0ED47B49B901F83 /* Theme.swift in Sources */ = {isa = PBXBuildFile; fileRef = 5D64C64CB1014815B6D17905 /* Theme.swift */; };
		5A69A9D4ACA587BF3F4151C8 /* AlertNotificationService.swift in Sources */ = {isa = PBXBuildFile; fileRef = 5C7348B7E62FE9286096FD80 /* AlertNotificationService.swift */; };
		5CEB780D9A4E2A3287AD658C /* SettingsStore.swift in Sources */ = {isa = PBXBuildFile; fileRef = C18E7F9274B5ED0E09FCD76E /* SettingsStore.swift */; };
		6D08FDE191CF767857B24411 /* ContentView.swift in Sources */ = {isa = PBXBuildFile; fileRef = 3194C17945FB60619E5EA63A /* ContentView.swift */; };
		7DB00AC47DCC5AC6C503F544 /* main.swift in Sources */ = {isa = PBXBuildFile; fileRef = CFBCABE226EEE79C1CF663E8 /* main.swift */; };
		807CA1E30ECD9B449A771DBD /* ProcessHistory.swift in Sources */ = {isa = PBXBuildFile; fileRef = 9D0EB559E75F7A25DAF8B764 /* ProcessHistory.swift */; };
		82BE742C73EA1B6B9F5E10F8 /* RemoteMac.swift in Sources */ = {isa = PBXBuildFile; fileRef = 38E4264D4DAA288E0115F3B8 /* RemoteMac.swift */; };
		8771847A0BA1D6E515DDB8D5 /* NetworkService.swift in Sources */ = {isa = PBXBuildFile; fileRef = D3A6C55A89CDC8714277C18B /* NetworkService.swift */; };
		8D2DDB152140DE8053C55749 /* Alerts.swift in Sources */ = {isa = PBXBuildFile; fileRef = 467F99243D58E7E238A75235 /* Alerts.swift */; };
		8D5394069D311A71941A8EF4 /* DiskService.swift in Sources */ = {isa = PBXBuildFile; fileRef = 2C8114E11EF5B83C4C8DF215 /* DiskService.swift */; };
		96A36FD8ECBA9E96BBDFDDBD /* AppDelegate.swift in Sources */ = {isa = PBXBuildFile; fileRef = 389813B52959436D5D601C07 /* AppDelegate.swift */; };
		9C873DA1AB2CCD515CE1F608 /* BatteryService.swift in Sources */ = {isa = PBXBuildFile; fileRef = A20FC1AABB97506BBA610520 /* BatteryService.swift */; };
		AC3CE1F3E738456B70B1BEE4 /* SystemMonitor.swift in Sources */ = {isa = PBXBuildFile; fileRef = 4E8113055C9F0F43916F892F /* SystemMonitor.swift */; };
		B0C9E91AB679F1ED5C715774 /* SubscriptionTier.swift in Sources */ = {isa = PBXBuildFile; fileRef = E5C1C74407164A7E51A6A23B /* SubscriptionTier.swift */; };
		B2B310DAE2A5ADBA057608AA /* iCloudSyncManager.swift in Sources */ = {isa = PBXBuildFile; fileRef = 94A1060D1C5415A45DADEAF2 /* iCloudSyncManager.swift */; };
		B7E8EAFAFE2C52ED012E9DD9 /* ShortcutsManager.swift in Sources */ = {isa = PBXBuildFile; fileRef = C2AD42D093C7D3E473117B37 /* ShortcutsManager.swift */; };
		B7ECCAD1CBE68BC4A2EB5244 /* RemoteMonitoringService.swift in Sources */ = {isa = PBXBuildFile; fileRef = 52B9F24831D7C3B14E5B5A24 /* RemoteMonitoringService.swift */; };
		BF5CB28C276BC067CF6DFD9F /* SystemStats.swift in Sources */ = {isa = PBXBuildFile; fileRef = AE311A73CA9AD4A7E7D86E64 /* SystemStats.swift */; };
		C341FF01E9E9DFFD20D101CE /* SubscriptionManager.swift in Sources */ = {isa = PBXBuildFile; fileRef = C68CCE760D6A0C99C786CEAD /* SubscriptionManager.swift */; };
		CA97043AC1A89CBC4E74BBCC /* Localizable.strings in Resources */ = {isa = PBXBuildFile; fileRef = 74110016650366C741E2D865 /* Localizable.strings */; };
		D3919A9516653469F0EBC619 /* ProcessListView.swift in Sources */ = {isa = PBXBuildFile; fileRef = 9A14A878583436EFB2F6C202 /* ProcessListView.swift */; };
		D824D63F41EB13B1AEC20ACB /* WidgetGalleryView.swift in Sources */ = {isa = PBXBuildFile; fileRef = 8E7B20A3E62D28A1848A2AD0 /* WidgetGalleryView.swift */; };
		DEBD006C8DA8E81C8EAB4452 /* AnomalyDetectionEngine.swift in Sources */ = {isa = PBXBuildFile; fileRef = 0A6C4CFC4DB5AF493D166885 /* AnomalyDetectionEngine.swift */; };
		E346E0EC392D86AE4175B4EA /* RemoteMonitoringView.swift in Sources */ = {isa = PBXBuildFile; fileRef = 9E9798F5BA0B914821D8E1BC /* RemoteMonitoringView.swift */; };
		E550D9E941CD5CC374492260 /* Localizable.strings in Resources */ = {isa = PBXBuildFile; fileRef = 3EEB7994C78B8CDCD6575029 /* Localizable.strings */; };
		EB7610546B75F1B9B5F67E3D /* PulseViewModel.swift in Sources */ = {isa = PBXBuildFile; fileRef = 52CAFF7B2E2B22C2220AEF3D /* PulseViewModel.swift */; };
		F08BDC60BFCAE4D082386AE1 /* HistoryView.swift in Sources */ = {isa = PBXBuildFile; fileRef = DCCDB75EE36367B4F16B5766 /* HistoryView.swift */; };
		F3DCFC9398D82F61162DB567 /* Localizable.strings in Resources */ = {isa = PBXBuildFile; fileRef = AEB98B8222EFC364842BD8ED /* Localizable.strings */; };
		FF152BDE6343A10B8627BC3C /* SQLite in Frameworks */ = {isa = PBXBuildFile; productRef = BC374109C44EED84E8317D4E /* SQLite */; };
/* End PBXBuildFile section */

/* Begin PBXFileReference section */
		0A6C4CFC4DB5AF493D166885 /* AnomalyDetectionEngine.swift */ = {isa = PBXFileReference; lastKnownFileType = sourcecode.swift; path = AnomalyDetectionEngine.swift; sourceTree = "<group>"; };
		0EDFAE31C4263E4680EAD3F8 /* ExportService.swift */ = {isa = PBXFileReference; lastKnownFileType = sourcecode.swift; path = ExportService.swift; sourceTree = "<group>"; };
		0F35099CF9B21FC8F28E2467 /* PrivacyService.swift */ = {isa = PBXFileReference; lastKnownFileType = sourcecode.swift; path = PrivacyService.swift; sourceTree = "<group>"; };
		13FEF2D2118D74C3572DF349 /* Pulse.app */ = {isa = PBXFileReference; explicitFileType = wrapper.application; includeInIndex = 0; path = Pulse.app; sourceTree = BUILT_PRODUCTS_DIR; };
		2C8114E11EF5B83C4C8DF215 /* DiskService.swift */ = {isa = PBXFileReference; lastKnownFileType = sourcecode.swift; path = DiskService.swift; sourceTree = "<group>"; };
		3194C17945FB60619E5EA63A /* ContentView.swift */ = {isa = PBXFileReference; lastKnownFileType = sourcecode.swift; path = ContentView.swift; sourceTree = "<group>"; };
		389813B52959436D5D601C07 /* AppDelegate.swift */ = {isa = PBXFileReference; lastKnownFileType = sourcecode.swift; path = AppDelegate.swift; sourceTree = "<group>"; };
		38E4264D4DAA288E0115F3B8 /* RemoteMac.swift */ = {isa = PBXFileReference; lastKnownFileType = sourcecode.swift; path = RemoteMac.swift; sourceTree = "<group>"; };
		3EEB7994C78B8CDCD6575029 /* Localizable.strings */ = {isa = PBXFileReference; lastKnownFileType = text.plist.strings; name = Localizable.strings; path = de.lproj/Localizable.strings; sourceTree = "<group>"; };
		467F99243D58E7E238A75235 /* Alerts.swift */ = {isa = PBXFileReference; lastKnownFileType = sourcecode.swift; path = Alerts.swift; sourceTree = "<group>"; };
		4E8113055C9F0F43916F892F /* SystemMonitor.swift */ = {isa = PBXFileReference; lastKnownFileType = sourcecode.swift; path = SystemMonitor.swift; sourceTree = "<group>"; };
		52B9F24831D7C3B14E5B5A24 /* RemoteMonitoringService.swift */ = {isa = PBXFileReference; lastKnownFileType = sourcecode.swift; path = RemoteMonitoringService.swift; sourceTree = "<group>"; };
		52CAFF7B2E2B22C2220AEF3D /* PulseViewModel.swift */ = {isa = PBXFileReference; lastKnownFileType = sourcecode.swift; path = PulseViewModel.swift; sourceTree = "<group>"; };
		5B7BAE915B518F91E5E313F1 /* AppIconView.swift */ = {isa = PBXFileReference; lastKnownFileType = sourcecode.swift; path = AppIconView.swift; sourceTree = "<group>"; };
		5C7348B7E62FE9286096FD80 /* AlertNotificationService.swift */ = {isa = PBXFileReference; lastKnownFileType = sourcecode.swift; path = AlertNotificationService.swift; sourceTree = "<group>"; };
		5D64C64CB1014815B6D17905 /* Theme.swift */ = {isa = PBXFileReference; lastKnownFileType = sourcecode.swift; path = Theme.swift; sourceTree = "<group>"; };
		74110016650366C741E2D865 /* Localizable.strings */ = {isa = PBXFileReference; lastKnownFileType = text.plist.strings; name = Localizable.strings; path = ja.lproj/Localizable.strings; sourceTree = "<group>"; };
		8E7B20A3E62D28A1848A2AD0 /* WidgetGalleryView.swift */ = {isa = PBXFileReference; lastKnownFileType = sourcecode.swift; path = WidgetGalleryView.swift; sourceTree = "<group>"; };
		94A1060D1C5415A45DADEAF2 /* iCloudSyncManager.swift */ = {isa = PBXFileReference; lastKnownFileType = sourcecode.swift; path = iCloudSyncManager.swift; sourceTree = "<group>"; };
		9A14A878583436EFB2F6C202 /* ProcessListView.swift */ = {isa = PBXFileReference; lastKnownFileType = sourcecode.swift; path = ProcessListView.swift; sourceTree = "<group>"; };
		9D0EB559E75F7A25DAF8B764 /* ProcessHistory.swift */ = {isa = PBXFileReference; lastKnownFileType = sourcecode.swift; path = ProcessHistory.swift; sourceTree = "<group>"; };
		9E9798F5BA0B914821D8E1BC /* RemoteMonitoringView.swift */ = {isa = PBXFileReference; lastKnownFileType = sourcecode.swift; path = RemoteMonitoringView.swift; sourceTree = "<group>"; };
		A20FC1AABB97506BBA610520 /* BatteryService.swift */ = {isa = PBXFileReference; lastKnownFileType = sourcecode.swift; path = BatteryService.swift; sourceTree = "<group>"; };
		A7F79D17FCA98DBCF9BF859C /* Pulse.entitlements */ = {isa = PBXFileReference; lastKnownFileType = text.plist.entitlements; path = Pulse.entitlements; sourceTree = "<group>"; };
		AE311A73CA9AD4A7E7D86E64 /* SystemStats.swift */ = {isa = PBXFileReference; lastKnownFileType = sourcecode.swift; path = SystemStats.swift; sourceTree = "<group>"; };
		AEB98B8222EFC364842BD8ED /* Localizable.strings */ = {isa = PBXFileReference; lastKnownFileType = text.plist.strings; name = Localizable.strings; path = "zh-Hans.lproj/Localizable.strings"; sourceTree = "<group>"; };
		C18E7F9274B5ED0E09FCD76E /* SettingsStore.swift */ = {isa = PBXFileReference; lastKnownFileType = sourcecode.swift; path = SettingsStore.swift; sourceTree = "<group>"; };
		C2AD42D093C7D3E473117B37 /* ShortcutsManager.swift */ = {isa = PBXFileReference; lastKnownFileType = sourcecode.swift; path = ShortcutsManager.swift; sourceTree = "<group>"; };
		C68CCE760D6A0C99C786CEAD /* SubscriptionManager.swift */ = {isa = PBXFileReference; lastKnownFileType = sourcecode.swift; path = SubscriptionManager.swift; sourceTree = "<group>"; };
		CFBCABE226EEE79C1CF663E8 /* main.swift */ = {isa = PBXFileReference; lastKnownFileType = sourcecode.swift; path = main.swift; sourceTree = "<group>"; };
		D3A6C55A89CDC8714277C18B /* NetworkService.swift */ = {isa = PBXFileReference; lastKnownFileType = sourcecode.swift; path = NetworkService.swift; sourceTree = "<group>"; };
		DCCDB75EE36367B4F16B5766 /* HistoryView.swift */ = {isa = PBXFileReference; lastKnownFileType = sourcecode.swift; path = HistoryView.swift; sourceTree = "<group>"; };
		E5C1C74407164A7E51A6A23B /* SubscriptionTier.swift */ = {isa = PBXFileReference; lastKnownFileType = sourcecode.swift; path = SubscriptionTier.swift; sourceTree = "<group>"; };
		F466E843B0C32E31940CED7E /* Localizable.strings */ = {isa = PBXFileReference; lastKnownFileType = text.plist.strings; name = Localizable.strings; path = fr.lproj/Localizable.strings; sourceTree = "<group>"; };
		FBF9382B5C984A2EB5F23900 /* Info.plist */ = {isa = PBXFileReference; lastKnownFileType = text.plist; path = Info.plist; sourceTree = "<group>"; };
/* End PBXFileReference section */

/* Begin PBXFrameworksBuildPhase section */
		1C9078D005D61D91A0E0C7F8 /* Frameworks */ = {
			isa = PBXFrameworksBuildPhase;
			buildActionMask = 2147483647;
			files = (
				FF152BDE6343A10B8627BC3C /* SQLite in Frameworks */,
			);
			runOnlyForDeploymentPostprocessing = 0;
		};
/* End PBXFrameworksBuildPhase section */

/* Begin PBXGroup section */
		09D35A612254AEDCC922AF13 /* AI */ = {
			isa = PBXGroup;
			children = (
				0A6C4CFC4DB5AF493D166885 /* AnomalyDetectionEngine.swift */,
			);
			path = AI;
			sourceTree = "<group>";
		};
		1D281FF9B68BD9725AC28EBF /* Resources */ = {
			isa = PBXGroup;
			children = (
				3EEB7994C78B8CDCD6575029 /* Localizable.strings */,
				F466E843B0C32E31940CED7E /* Localizable.strings */,
				74110016650366C741E2D865 /* Localizable.strings */,
				AEB98B8222EFC364842BD8ED /* Localizable.strings */,
			);
			path = Resources;
			sourceTree = "<group>";
		};
		1FEE830988994786371D8E45 /* Products */ = {
			isa = PBXGroup;
			children = (
				13FEF2D2118D74C3572DF349 /* Pulse.app */,
			);
			name = Products;
			sourceTree = "<group>";
		};
		4E212FB2CAC5BE78BBA4DDE1 /* Models */ = {
			isa = PBXGroup;
			children = (
				467F99243D58E7E238A75235 /* Alerts.swift */,
				9D0EB559E75F7A25DAF8B764 /* ProcessHistory.swift */,
				38E4264D4DAA288E0115F3B8 /* RemoteMac.swift */,
				E5C1C74407164A7E51A6A23B /* SubscriptionTier.swift */,
				AE311A73CA9AD4A7E7D86E64 /* SystemStats.swift */,
			);
			path = Models;
			sourceTree = "<group>";
		};
		7A87E3B4AE2E59047EFB8F61 = {
			isa = PBXGroup;
			children = (
				7ACE3E484BE7EC09F72AB49C /* Resources */,
				D922CB6DDA0B282903F2A6F7 /* Sources */,
				1FEE830988994786371D8E45 /* Products */,
			);
			sourceTree = "<group>";
		};
		7ACE3E484BE7EC09F72AB49C /* Resources */ = {
			isa = PBXGroup;
			children = (
				FBF9382B5C984A2EB5F23900 /* Info.plist */,
				A7F79D17FCA98DBCF9BF859C /* Pulse.entitlements */,
			);
			path = Resources;
			sourceTree = "<group>";
		};
		A4BEB92A205DDD6718FEFCD3 /* Services */ = {
			isa = PBXGroup;
			children = (
				5C7348B7E62FE9286096FD80 /* AlertNotificationService.swift */,
				A20FC1AABB97506BBA610520 /* BatteryService.swift */,
				2C8114E11EF5B83C4C8DF215 /* DiskService.swift */,
				0EDFAE31C4263E4680EAD3F8 /* ExportService.swift */,
				94A1060D1C5415A45DADEAF2 /* iCloudSyncManager.swift */,
				D3A6C55A89CDC8714277C18B /* NetworkService.swift */,
				0F35099CF9B21FC8F28E2467 /* PrivacyService.swift */,
				52B9F24831D7C3B14E5B5A24 /* RemoteMonitoringService.swift */,
				C18E7F9274B5ED0E09FCD76E /* SettingsStore.swift */,
				C2AD42D093C7D3E473117B37 /* ShortcutsManager.swift */,
				C68CCE760D6A0C99C786CEAD /* SubscriptionManager.swift */,
				4E8113055C9F0F43916F892F /* SystemMonitor.swift */,
			);
			path = Services;
			sourceTree = "<group>";
		};
		C868CDED71981B36E2B608F8 /* Views */ = {
			isa = PBXGroup;
			children = (
				5B7BAE915B518F91E5E313F1 /* AppIconView.swift */,
				3194C17945FB60619E5EA63A /* ContentView.swift */,
				DCCDB75EE36367B4F16B5766 /* HistoryView.swift */,
				9A14A878583436EFB2F6C202 /* ProcessListView.swift */,
				52CAFF7B2E2B22C2220AEF3D /* PulseViewModel.swift */,
				9E9798F5BA0B914821D8E1BC /* RemoteMonitoringView.swift */,
				5D64C64CB1014815B6D17905 /* Theme.swift */,
				8E7B20A3E62D28A1848A2AD0 /* WidgetGalleryView.swift */,
			);
			path = Views;
			sourceTree = "<group>";
		};
		D479B27786C972FA1D7F3AFC /* App */ = {
			isa = PBXGroup;
			children = (
				389813B52959436D5D601C07 /* AppDelegate.swift */,
				CFBCABE226EEE79C1CF663E8 /* main.swift */,
			);
			path = App;
			sourceTree = "<group>";
		};
		D922CB6DDA0B282903F2A6F7 /* Sources */ = {
			isa = PBXGroup;
			children = (
				09D35A612254AEDCC922AF13 /* AI */,
				D479B27786C972FA1D7F3AFC /* App */,
				4E212FB2CAC5BE78BBA4DDE1 /* Models */,
				1D281FF9B68BD9725AC28EBF /* Resources */,
				A4BEB92A205DDD6718FEFCD3 /* Services */,
				C868CDED71981B36E2B608F8 /* Views */,
			);
			path = Sources;
			sourceTree = "<group>";
		};
/* End PBXGroup section */

/* Begin PBXNativeTarget section */
		CF79B1BAD3D70F54153FE0B3 /* Pulse */ = {
			isa = PBXNativeTarget;
			buildConfigurationList = 9608D96881FD5C17BB380FA0 /* Build configuration list for PBXNativeTarget "Pulse" */;
			buildPhases = (
				D70CFAE236269B6E146109F4 /* Sources */,
				606EBA1EB03BF3A2D7674713 /* Resources */,
				1C9078D005D61D91A0E0C7F8 /* Frameworks */,
			);
			buildRules = (
			);
			dependencies = (
			);
			name = Pulse;
			packageProductDependencies = (
				BC374109C44EED84E8317D4E /* SQLite */,
			);
			productName = Pulse;
			productReference = 13FEF2D2118D74C3572DF349 /* Pulse.app */;
			productType = "com.apple.product-type.application";
		};
/* End PBXNativeTarget section */

/* Begin PBXProject section */
		84FEC84833EC6BF77563A3F6 /* Project object */ = {
			isa = PBXProject;
			attributes = {
				BuildIndependentTargetsInParallel = YES;
				LastUpgradeCheck = 1500;
				TargetAttributes = {
					CF79B1BAD3D70F54153FE0B3 = {
						ProvisioningStyle = Automatic;
					};
				};
			};
			buildConfigurationList = AEADBFB0BC46A63478A94A51 /* Build configuration list for PBXProject "Pulse" */;
			compatibilityVersion = "Xcode 14.0";
			developmentRegion = en;
			hasScannedForEncodings = 0;
			knownRegions = (
				Base,
				de,
				en,
				fr,
				ja,
				"zh-Hans",
			);
			mainGroup = 7A87E3B4AE2E59047EFB8F61;
			packageReferences = (
				F88CB82D2622AEC8D76DEA7C /* XCRemoteSwiftPackageReference "SQLite.swift" */,
			);
			projectDirPath = "";
			projectRoot = "";
			targets = (
				CF79B1BAD3D70F54153FE0B3 /* Pulse */,
			);
		};
/* End PBXProject section */

/* Begin PBXResourcesBuildPhase section */
		606EBA1EB03BF3A2D7674713 /* Resources */ = {
			isa = PBXResourcesBuildPhase;
			buildActionMask = 2147483647;
			files = (
				E550D9E941CD5CC374492260 /* Localizable.strings in Resources */,
				F3DCFC9398D82F61162DB567 /* Localizable.strings in Resources */,
				CA97043AC1A89CBC4E74BBCC /* Localizable.strings in Resources */,
				054D9DEA9A0EF191C125BF28 /* Localizable.strings in Resources */,
			);
			runOnlyForDeploymentPostprocessing = 0;
		};
/* End PBXResourcesBuildPhase section */

/* Begin PBXSourcesBuildPhase section */
		D70CFAE236269B6E146109F4 /* Sources */ = {
			isa = PBXSourcesBuildPhase;
			buildActionMask = 2147483647;
			files = (
				5A69A9D4ACA587BF3F4151C8 /* AlertNotificationService.swift in Sources */,
				8D2DDB152140DE8053C55749 /* Alerts.swift in Sources */,
				DEBD006C8DA8E81C8EAB4452 /* AnomalyDetectionEngine.swift in Sources */,
				96A36FD8ECBA9E96BBDFDDBD /* AppDelegate.swift in Sources */,
				298EC8787CD1AEA4416EF1EA /* AppIconView.swift in Sources */,
				9C873DA1AB2CCD515CE1F608 /* BatteryService.swift in Sources */,
				6D08FDE191CF767857B24411 /* ContentView.swift in Sources */,
				8D5394069D311A71941A8EF4 /* DiskService.swift in Sources */,
				2302703AB2BF0FB8CE0D4A5C /* ExportService.swift in Sources */,
				F08BDC60BFCAE4D082386AE1 /* HistoryView.swift in Sources */,
				8771847A0BA1D6E515DDB8D5 /* NetworkService.swift in Sources */,
				2E0B591B49F8D3240D492946 /* PrivacyService.swift in Sources */,
				807CA1E30ECD9B449A771DBD /* ProcessHistory.swift in Sources */,
				D3919A9516653469F0EBC619 /* ProcessListView.swift in Sources */,
				EB7610546B75F1B9B5F67E3D /* PulseViewModel.swift in Sources */,
				82BE742C73EA1B6B9F5E10F8 /* RemoteMac.swift in Sources */,
				B7ECCAD1CBE68BC4A2EB5244 /* RemoteMonitoringService.swift in Sources */,
				E346E0EC392D86AE4175B4EA /* RemoteMonitoringView.swift in Sources */,
				5CEB780D9A4E2A3287AD658C /* SettingsStore.swift in Sources */,
				B7E8EAFAFE2C52ED012E9DD9 /* ShortcutsManager.swift in Sources */,
				C341FF01E9E9DFFD20D101CE /* SubscriptionManager.swift in Sources */,
				B0C9E91AB679F1ED5C715774 /* SubscriptionTier.swift in Sources */,
				AC3CE1F3E738456B70B1BEE4 /* SystemMonitor.swift in Sources */,
				BF5CB28C276BC067CF6DFD9F /* SystemStats.swift in Sources */,
				39386EB2B0ED47B49B901F83 /* Theme.swift in Sources */,
				D824D63F41EB13B1AEC20ACB /* WidgetGalleryView.swift in Sources */,
				B2B310DAE2A5ADBA057608AA /* iCloudSyncManager.swift in Sources */,
				7DB00AC47DCC5AC6C503F544 /* main.swift in Sources */,
			);
			runOnlyForDeploymentPostprocessing = 0;
		};
/* End PBXSourcesBuildPhase section */

/* Begin XCBuildConfiguration section */
		2E7048B1817FBF01C246A8F3 /* Release */ = {
			isa = XCBuildConfiguration;
			buildSettings = {
				ALWAYS_SEARCH_USER_PATHS = NO;
				CLANG_ANALYZER_NONNULL = YES;
				CLANG_ANALYZER_NUMBER_OBJECT_CONVERSION = YES_AGGRESSIVE;
				CLANG_CXX_LANGUAGE_STANDARD = "gnu++14";
				CLANG_CXX_LIBRARY = "libc++";
				CLANG_ENABLE_MODULES = YES;
				CLANG_ENABLE_OBJC_ARC = YES;
				CLANG_ENABLE_OBJC_WEAK = YES;
				CLANG_WARN_BLOCK_CAPTURE_AUTORELEASING = YES;
				CLANG_WARN_BOOL_CONVERSION = YES;
				CLANG_WARN_COMMA = YES;
				CLANG_WARN_CONSTANT_CONVERSION = YES;
				CLANG_WARN_DEPRECATED_OBJC_IMPLEMENTATIONS = YES;
				CLANG_WARN_DIRECT_OBJC_ISA_USAGE = YES_ERROR;
				CLANG_WARN_DOCUMENTATION_COMMENTS = YES;
				CLANG_WARN_EMPTY_BODY = YES;
				CLANG_WARN_ENUM_CONVERSION = YES;
				CLANG_WARN_INFINITE_RECURSION = YES;
				CLANG_WARN_INT_CONVERSION = YES;
				CLANG_WARN_NON_LITERAL_NULL_CONVERSION = YES;
				CLANG_WARN_OBJC_IMPLICIT_RETAIN_SELF = YES;
				CLANG_WARN_OBJC_LITERAL_CONVERSION = YES;
				CLANG_WARN_OBJC_ROOT_CLASS = YES_ERROR;
				CLANG_WARN_QUOTED_INCLUDE_IN_FRAMEWORK_HEADER = YES;
				CLANG_WARN_RANGE_LOOP_ANALYSIS = YES;
				CLANG_WARN_STRICT_PROTOTYPES = YES;
				CLANG_WARN_SUSPICIOUS_MOVE = YES;
				CLANG_WARN_UNGUARDED_AVAILABILITY = YES_AGGRESSIVE;
				CLANG_WARN_UNREACHABLE_CODE = YES;
				CLANG_WARN__DUPLICATE_METHOD_MATCH = YES;
				CODE_SIGN_ENTITLEMENTS = Resources/Pulse.entitlements;
				CODE_SIGN_IDENTITY = "-";
				CODE_SIGN_STYLE = Automatic;
				COPY_PHASE_STRIP = NO;
				CURRENT_PROJECT_VERSION = 1;
				DEBUG_INFORMATION_FORMAT = "dwarf-with-dsym";
				ENABLE_HARDENED_RUNTIME = YES;
				ENABLE_NS_ASSERTIONS = NO;
				ENABLE_STRICT_OBJC_MSGSEND = YES;
				GCC_C_LANGUAGE_STANDARD = gnu11;
				GCC_NO_COMMON_BLOCKS = YES;
				GCC_WARN_64_TO_32_BIT_CONVERSION = YES;
				GCC_WARN_ABOUT_RETURN_TYPE = YES_ERROR;
				GCC_WARN_UNDECLARED_SELECTOR = YES;
				GCC_WARN_UNINITIALIZED_AUTOS = YES_AGGRESSIVE;
				GCC_WARN_UNUSED_FUNCTION = YES;
				GCC_WARN_UNUSED_VARIABLE = YES;
				INFOPLIST_FILE = Resources/Info.plist;
				MACOSX_DEPLOYMENT_TARGET = 13.0;
				MARKETING_VERSION = 1.0.0;
				MTL_ENABLE_DEBUG_INFO = NO;
				MTL_FAST_MATH = YES;
				PRODUCT_NAME = Pulse;
				SDKROOT = macosx;
				SWIFT_COMPILATION_MODE = wholemodule;
				SWIFT_OPTIMIZATION_LEVEL = "-O";
				SWIFT_VERSION = 5.9;
			};
			name = Release;
		};
		78CFDB6D85EA0A925D164718 /* Debug */ = {
			isa = XCBuildConfiguration;
			buildSettings = {
				ASSETCATALOG_COMPILER_APPICON_NAME = AppIcon;
				COMBINE_HIDPI_IMAGES = YES;
				INFOPLIST_FILE = Resources/Info.plist;
				LD_RUNPATH_SEARCH_PATHS = "$(inherited) @executable_path/../Frameworks";
				PRODUCT_BUNDLE_IDENTIFIER = com.pulse.app;
				SDKROOT = macosx;
			};
			name = Debug;
		};
		DF81B04A566426AD422B92B3 /* Release */ = {
			isa = XCBuildConfiguration;
			buildSettings = {
				ASSETCATALOG_COMPILER_APPICON_NAME = AppIcon;
				COMBINE_HIDPI_IMAGES = YES;
				INFOPLIST_FILE = Resources/Info.plist;
				LD_RUNPATH_SEARCH_PATHS = "$(inherited) @executable_path/../Frameworks";
				PRODUCT_BUNDLE_IDENTIFIER = com.pulse.app;
				SDKROOT = macosx;
			};
			name = Release;
		};
		FA223E74BBF86702C72CD3A8 /* Debug */ = {
			isa = XCBuildConfiguration;
			buildSettings = {
				ALWAYS_SEARCH_USER_PATHS = NO;
				CLANG_ANALYZER_NONNULL = YES;
				CLANG_ANALYZER_NUMBER_OBJECT_CONVERSION = YES_AGGRESSIVE;
				CLANG_CXX_LANGUAGE_STANDARD = "gnu++14";
				CLANG_CXX_LIBRARY = "libc++";
				CLANG_ENABLE_MODULES = YES;
				CLANG_ENABLE_OBJC_ARC = YES;
				CLANG_ENABLE_OBJC_WEAK = YES;
				CLANG_WARN_BLOCK_CAPTURE_AUTORELEASING = YES;
				CLANG_WARN_BOOL_CONVERSION = YES;
				CLANG_WARN_COMMA = YES;
				CLANG_WARN_CONSTANT_CONVERSION = YES;
				CLANG_WARN_DEPRECATED_OBJC_IMPLEMENTATIONS = YES;
				CLANG_WARN_DIRECT_OBJC_ISA_USAGE = YES_ERROR;
				CLANG_WARN_DOCUMENTATION_COMMENTS = YES;
				CLANG_WARN_EMPTY_BODY = YES;
				CLANG_WARN_ENUM_CONVERSION = YES;
				CLANG_WARN_INFINITE_RECURSION = YES;
				CLANG_WARN_INT_CONVERSION = YES;
				CLANG_WARN_NON_LITERAL_NULL_CONVERSION = YES;
				CLANG_WARN_OBJC_IMPLICIT_RETAIN_SELF = YES;
				CLANG_WARN_OBJC_LITERAL_CONVERSION = YES;
				CLANG_WARN_OBJC_ROOT_CLASS = YES_ERROR;
				CLANG_WARN_QUOTED_INCLUDE_IN_FRAMEWORK_HEADER = YES;
				CLANG_WARN_RANGE_LOOP_ANALYSIS = YES;
				CLANG_WARN_STRICT_PROTOTYPES = YES;
				CLANG_WARN_SUSPICIOUS_MOVE = YES;
				CLANG_WARN_UNGUARDED_AVAILABILITY = YES_AGGRESSIVE;
				CLANG_WARN_UNREACHABLE_CODE = YES;
				CLANG_WARN__DUPLICATE_METHOD_MATCH = YES;
				CODE_SIGN_ENTITLEMENTS = Resources/Pulse.entitlements;
				CODE_SIGN_IDENTITY = "-";
				CODE_SIGN_STYLE = Automatic;
				COPY_PHASE_STRIP = NO;
				CURRENT_PROJECT_VERSION = 1;
				DEBUG_INFORMATION_FORMAT = dwarf;
				ENABLE_HARDENED_RUNTIME = YES;
				ENABLE_STRICT_OBJC_MSGSEND = YES;
				ENABLE_TESTABILITY = YES;
				GCC_C_LANGUAGE_STANDARD = gnu11;
				GCC_DYNAMIC_NO_PIC = NO;
				GCC_NO_COMMON_BLOCKS = YES;
				GCC_OPTIMIZATION_LEVEL = 0;
				GCC_PREPROCESSOR_DEFINITIONS = (
					"$(inherited)",
					"DEBUG=1",
				);
				GCC_WARN_64_TO_32_BIT_CONVERSION = YES;
				GCC_WARN_ABOUT_RETURN_TYPE = YES_ERROR;
				GCC_WARN_UNDECLARED_SELECTOR = YES;
				GCC_WARN_UNINITIALIZED_AUTOS = YES_AGGRESSIVE;
				GCC_WARN_UNUSED_FUNCTION = YES;
				GCC_WARN_UNUSED_VARIABLE = YES;
				INFOPLIST_FILE = Resources/Info.plist;
				MACOSX_DEPLOYMENT_TARGET = 13.0;
				MARKETING_VERSION = 1.0.0;
				MTL_ENABLE_DEBUG_INFO = INCLUDE_SOURCE;
				MTL_FAST_MATH = YES;
				ONLY_ACTIVE_ARCH = YES;
				PRODUCT_NAME = Pulse;
				SDKROOT = macosx;
				SWIFT_ACTIVE_COMPILATION_CONDITIONS = DEBUG;
				SWIFT_OPTIMIZATION_LEVEL = "-Onone";
				SWIFT_VERSION = 5.9;
			};
			name = Debug;
		};
/* End XCBuildConfiguration section */

/* Begin XCConfigurationList section */
		9608D96881FD5C17BB380FA0 /* Build configuration list for PBXNativeTarget "Pulse" */ = {
			isa = XCConfigurationList;
			buildConfigurations = (
				78CFDB6D85EA0A925D164718 /* Debug */,
				DF81B04A566426AD422B92B3 /* Release */,
			);
			defaultConfigurationIsVisible = 0;
			defaultConfigurationName = Debug;
		};
		AEADBFB0BC46A63478A94A51 /* Build configuration list for PBXProject "Pulse" */ = {
			isa = XCConfigurationList;
			buildConfigurations = (
				FA223E74BBF86702C72CD3A8 /* Debug */,
				2E7048B1817FBF01C246A8F3 /* Release */,
			);
			defaultConfigurationIsVisible = 0;
			defaultConfigurationName = Debug;
		};
/* End XCConfigurationList section */

/* Begin XCRemoteSwiftPackageReference section */
		F88CB82D2622AEC8D76DEA7C /* XCRemoteSwiftPackageReference "SQLite.swift" */ = {
			isa = XCRemoteSwiftPackageReference;
			repositoryURL = "https://github.com/stephencelis/SQLite.swift";
			requirement = {
				kind = upToNextMajorVersion;
				minimumVersion = 0.14.1;
			};
		};
/* End XCRemoteSwiftPackageReference section */

/* Begin XCSwiftPackageProductDependency section */
		BC374109C44EED84E8317D4E /* SQLite */ = {
			isa = XCSwiftPackageProductDependency;
			package = F88CB82D2622AEC8D76DEA7C /* XCRemoteSwiftPackageReference "SQLite.swift" */;
			productName = SQLite;
		};
/* End XCSwiftPackageProductDependency section */
	};
	rootObject = 84FEC84833EC6BF77563A3F6 /* Project object */;
}
